
Microsoft Visual Studio Solution File, Format Version 12.00
Project("{FAE04EC0-301F-11D3-BF4B-00C04F79EFBC}") = "GameCore", "GameCore\GameCore.csproj", "{A1381561-FD46-4B7D-A3F0-0FE8C9A19AED}"
EndProject
Global
	GlobalSection(SolutionConfigurationPlatforms) = preSolution
		Debug|Any CPU = Debug|Any CPU
		Release|Any CPU = Release|Any CPU
	EndGlobalSection
	GlobalSection(ProjectConfigurationPlatforms) = postSolution
		{A1381561-FD46-4B7D-A3F0-0FE8C9A19AED}.Debug|Any CPU.ActiveCfg = Debug|Any CPU
		{A1381561-FD46-4B7D-A3F0-0FE8C9A19AED}.Debug|Any CPU.Build.0 = Debug|Any CPU
		{A1381561-FD46-4B7D-A3F0-0FE8C9A19AED}.Release|Any CPU.ActiveCfg = Release|Any CPU
		{A1381561-FD46-4B7D-A3F0-0FE8C9A19AED}.Release|Any CPU.Build.0 = Release|Any CPU
	EndGlobalSection
EndGlobal
