
Microsoft Visual Studio Solution File, Format Version 12.00
Project("{FAE04EC0-301F-11D3-BF4B-00C04F79EFBC}") = "ServerCore", "ServerCore\ServerCore.csproj", "{702F4FFD-17AB-4E31-876C-EA97887A4170}"
EndProject
Project("{FAE04EC0-301F-11D3-BF4B-00C04F79EFBC}") = "TcpServerLunch", "TcpServerLunch\TcpServerLunch.csproj", "{BCE215EA-A2E4-45E1-A951-822DC176F310}"
EndProject
Project("{FAE04EC0-301F-11D3-BF4B-00C04F79EFBC}") = "HttpServerLunch", "HttpServerLunch\HttpServerLunch.csproj", "{6067A752-4F20-47C6-A331-0F7454B68997}"
EndProject
Global
	GlobalSection(SolutionConfigurationPlatforms) = preSolution
		Debug|Any CPU = Debug|Any CPU
		Release|Any CPU = Release|Any CPU
	EndGlobalSection
	GlobalSection(ProjectConfigurationPlatforms) = postSolution
		{702F4FFD-17AB-4E31-876C-EA97887A4170}.Debug|Any CPU.ActiveCfg = Debug|Any CPU
		{702F4FFD-17AB-4E31-876C-EA97887A4170}.Debug|Any CPU.Build.0 = Debug|Any CPU
		{702F4FFD-17AB-4E31-876C-EA97887A4170}.Release|Any CPU.ActiveCfg = Release|Any CPU
		{702F4FFD-17AB-4E31-876C-EA97887A4170}.Release|Any CPU.Build.0 = Release|Any CPU
		{BCE215EA-A2E4-45E1-A951-822DC176F310}.Debug|Any CPU.ActiveCfg = Debug|Any CPU
		{BCE215EA-A2E4-45E1-A951-822DC176F310}.Debug|Any CPU.Build.0 = Debug|Any CPU
		{BCE215EA-A2E4-45E1-A951-822DC176F310}.Release|Any CPU.ActiveCfg = Release|Any CPU
		{BCE215EA-A2E4-45E1-A951-822DC176F310}.Release|Any CPU.Build.0 = Release|Any CPU
		{6067A752-4F20-47C6-A331-0F7454B68997}.Debug|Any CPU.ActiveCfg = Debug|Any CPU
		{6067A752-4F20-47C6-A331-0F7454B68997}.Debug|Any CPU.Build.0 = Debug|Any CPU
		{6067A752-4F20-47C6-A331-0F7454B68997}.Release|Any CPU.ActiveCfg = Release|Any CPU
		{6067A752-4F20-47C6-A331-0F7454B68997}.Release|Any CPU.Build.0 = Release|Any CPU
	EndGlobalSection
EndGlobal
